{
  "name": "third-party-components",
  "version": "0.0.1",
  "lockfileVersion": 1,
  "requires": true,
  "dependencies": {
    "@antea/components": {
      "version": "0.0.4",
      "resolved": "https://repo.b3p.nl/nexus/repository/npm-public/@antea/components/-/components-0.0.4.tgz",
      "integrity": "sha512-ZwN3hTZ+tI4xbAYAux1wseVci/SIvixm+lJ9TJKUMAd8aZg/Ia5nFBLuWtwcVDsD31MDOhhuosThSJIVIVIhPw==",
      "requires": {
        "tslib": "^2.1.0"
      }
    },
    "tslib": {
      "version": "2.3.0",
      "resolved": "https://registry.npmjs.org/tslib/-/tslib-2.3.0.tgz",
      "integrity": "sha512-N82ooyxVNm6h1riLCoyS9e3fuJ3AMG2zIZs2Gd1ATcSFjSA23Q0fzjjZeh0jbJvWVDZ0cJT8yaNNaaXHzueNjg=="
    }
  }
}
