{
  "name": "third-party-components",
  "version": "0.0.1",
  "lockfileVersion": 1,
  "requires": true,
  "dependencies": {
    "@b3partners/gbi-maps-components": {
      "version": "0.0.4",
      "resolved": "https://repo.b3p.nl/nexus/repository/npm/@b3partners/gbi-maps-components/-/gbi-maps-components-0.0.4.tgz",
      "integrity": "sha512-Q7GdUX0y3fVhIKETgfRxGPvoSad6zq3s9ErvjZ5Rp4MOSLmkpZL4ZZGeC2+XhjaXzlGJb9S7botK1wGhMcYIrQ==",
      "requires": {
        "tslib": "^2.1.0"
      }
    },
    "tslib": {
      "version": "2.3.0",
      "resolved": "https://registry.npmjs.org/tslib/-/tslib-2.3.0.tgz",
      "integrity": "sha512-N82ooyxVNm6h1riLCoyS9e3fuJ3AMG2zIZs2Gd1ATcSFjSA23Q0fzjjZeh0jbJvWVDZ0cJT8yaNNaaXHzueNjg=="
    }
  }
}
